// !$*UTF8*$!
{
	archiveVersion = 1;
	classes = {
	};
	objectVersion = 56;
	objects = {

/* Begin PBXBuildFile section */
		BC0FF5DB2BA0A2C000042A92 /* wanderhubApp.swift in Sources */ = {isa = PBXBuildFile; fileRef = BC0FF5DA2BA0A2C000042A92 /* wanderhubApp.swift */; };
		BC0FF5DD2BA0A2C000042A92 /* ContentView.swift in Sources */ = {isa = PBXBuildFile; fileRef = BC0FF5DC2BA0A2C000042A92 /* ContentView.swift */; };
		BC0FF5DF2BA0A2C200042A92 /* Assets.xcassets in Resources */ = {isa = PBXBuildFile; fileRef = BC0FF5DE2BA0A2C200042A92 /* Assets.xcassets */; };
		BC0FF5E22BA0A2C200042A92 /* Preview Assets.xcassets in Resources */ = {isa = PBXBuildFile; fileRef = BC0FF5E12BA0A2C200042A92 /* Preview Assets.xcassets */; };
		BC0FF5E42BA0A2C200042A92 /* Persistence.swift in Sources */ = {isa = PBXBuildFile; fileRef = BC0FF5E32BA0A2C200042A92 /* Persistence.swift */; };
		BC0FF5E72BA0A2C200042A92 /* wanderhub.xcdatamodeld in Sources */ = {isa = PBXBuildFile; fileRef = BC0FF5E52BA0A2C200042A92 /* wanderhub.xcdatamodeld */; };
		BC0FF5F22BA0A2C300042A92 /* wanderhubTests.swift in Sources */ = {isa = PBXBuildFile; fileRef = BC0FF5F12BA0A2C300042A92 /* wanderhubTests.swift */; };
		BC0FF5FC2BA0A2C300042A92 /* wanderhubUITests.swift in Sources */ = {isa = PBXBuildFile; fileRef = BC0FF5FB2BA0A2C300042A92 /* wanderhubUITests.swift */; };
		BC0FF5FE2BA0A2C300042A92 /* wanderhubUITestsLaunchTests.swift in Sources */ = {isa = PBXBuildFile; fileRef = BC0FF5FD2BA0A2C300042A92 /* wanderhubUITestsLaunchTests.swift */; };
/* End PBXBuildFile section */

/* Begin PBXContainerItemProxy section */
		BC0FF5EE2BA0A2C300042A92 /* PBXContainerItemProxy */ = {
			isa = PBXContainerItemProxy;
			containerPortal = BC0FF5CF2BA0A2C000042A92 /* Project object */;
			proxyType = 1;
			remoteGlobalIDString = BC0FF5D62BA0A2C000042A92;
			remoteInfo = wanderhub;
		};
		BC0FF5F82BA0A2C300042A92 /* PBXContainerItemProxy */ = {
			isa = PBXContainerItemProxy;
			containerPortal = BC0FF5CF2BA0A2C000042A92 /* Project object */;
			proxyType = 1;
			remoteGlobalIDString = BC0FF5D62BA0A2C000042A92;
			remoteInfo = wanderhub;
		};
/* End PBXContainerItemProxy section */

/* Begin PBXFileReference section */
		BC0FF5D72BA0A2C000042A92 /* wanderhub.app */ = {isa = PBXFileReference; explicitFileType = wrapper.application; includeInIndex = 0; path = wanderhub.app; sourceTree = BUILT_PRODUCTS_DIR; };
		BC0FF5DA2BA0A2C000042A92 /* wanderhubApp.swift */ = {isa = PBXFileReference; lastKnownFileType = sourcecode.swift; path = wanderhubApp.swift; sourceTree = "<group>"; };
		BC0FF5DC2BA0A2C000042A92 /* ContentView.swift */ = {isa = PBXFileReference; lastKnownFileType = sourcecode.swift; path = ContentView.swift; sourceTree = "<group>"; };
		BC0FF5DE2BA0A2C200042A92 /* Assets.xcassets */ = {isa = PBXFileReference; lastKnownFileType = folder.assetcatalog; path = Assets.xcassets; sourceTree = "<group>"; };
		BC0FF5E12BA0A2C200042A92 /* Preview Assets.xcassets */ = {isa = PBXFileReference; lastKnownFileType = folder.assetcatalog; path = "Preview Assets.xcassets"; sourceTree = "<group>"; };
		BC0FF5E32BA0A2C200042A92 /* Persistence.swift */ = {isa = PBXFileReference; lastKnownFileType = sourcecode.swift; path = Persistence.swift; sourceTree = "<group>"; };
		BC0FF5E62BA0A2C200042A92 /* wanderhub.xcdatamodel */ = {isa = PBXFileReference; lastKnownFileType = wrapper.xcdatamodel; path = wanderhub.xcdatamodel; sourceTree = "<group>"; };
		BC0FF5E82BA0A2C200042A92 /* wanderhub.entitlements */ = {isa = PBXFileReference; lastKnownFileType = text.plist.entitlements; path = wanderhub.entitlements; sourceTree = "<group>"; };
		BC0FF5ED2BA0A2C300042A92 /* wanderhubTests.xctest */ = {isa = PBXFileReference; explicitFileType = wrapper.cfbundle; includeInIndex = 0; path = wanderhubTests.xctest; sourceTree = BUILT_PRODUCTS_DIR; };
		BC0FF5F12BA0A2C300042A92 /* wanderhubTests.swift */ = {isa = PBXFileReference; lastKnownFileType = sourcecode.swift; path = wanderhubTests.swift; sourceTree = "<group>"; };
		BC0FF5F72BA0A2C300042A92 /* wanderhubUITests.xctest */ = {isa = PBXFileReference; explicitFileType = wrapper.cfbundle; includeInIndex = 0; path = wanderhubUITests.xctest; sourceTree = BUILT_PRODUCTS_DIR; };
		BC0FF5FB2BA0A2C300042A92 /* wanderhubUITests.swift */ = {isa = PBXFileReference; lastKnownFileType = sourcecode.swift; path = wanderhubUITests.swift; sourceTree = "<group>"; };
		BC0FF5FD2BA0A2C300042A92 /* wanderhubUITestsLaunchTests.swift */ = {isa = PBXFileReference; lastKnownFileType = sourcecode.swift; path = wanderhubUITestsLaunchTests.swift; sourceTree = "<group>"; };
/* End PBXFileReference section */

/* Begin PBXFrameworksBuildPhase section */
		BC0FF5D42BA0A2C000042A92 /* Frameworks */ = {
			isa = PBXFrameworksBuildPhase;
			buildActionMask = 2147483647;
			files = (
			);
			runOnlyForDeploymentPostprocessing = 0;
		};
		BC0FF5EA2BA0A2C300042A92 /* Frameworks */ = {
			isa = PBXFrameworksBuildPhase;
			buildActionMask = 2147483647;
			files = (
			);
			runOnlyForDeploymentPostprocessing = 0;
		};
		BC0FF5F42BA0A2C300042A92 /* Frameworks */ = {
			isa = PBXFrameworksBuildPhase;
			buildActionMask = 2147483647;
			files = (
			);
			runOnlyForDeploymentPostprocessing = 0;
		};
/* End PBXFrameworksBuildPhase section */

/* Begin PBXGroup section */
		BC0FF5CE2BA0A2C000042A92 = {
			isa = PBXGroup;
			children = (
				BC0FF5D92BA0A2C000042A92 /* wanderhub */,
				BC0FF5F02BA0A2C300042A92 /* wanderhubTests */,
				BC0FF5FA2BA0A2C300042A92 /* wanderhubUITests */,
				BC0FF5D82BA0A2C000042A92 /* Products */,
			);
			sourceTree = "<group>";
		};
		BC0FF5D82BA0A2C000042A92 /* Products */ = {
			isa = PBXGroup;
			children = (
				BC0FF5D72BA0A2C000042A92 /* wanderhub.app */,
				BC0FF5ED2BA0A2C300042A92 /* wanderhubTests.xctest */,
				BC0FF5F72BA0A2C300042A92 /* wanderhubUITests.xctest */,
			);
			name = Products;
			sourceTree = "<group>";
		};
		BC0FF5D92BA0A2C000042A92 /* wanderhub */ = {
			isa = PBXGroup;
			children = (
				BC0FF5DA2BA0A2C000042A92 /* wanderhubApp.swift */,
				BC0FF5DC2BA0A2C000042A92 /* ContentView.swift */,
				BC0FF5DE2BA0A2C200042A92 /* Assets.xcassets */,
				BC0FF5E32BA0A2C200042A92 /* Persistence.swift */,
				BC0FF5E82BA0A2C200042A92 /* wanderhub.entitlements */,
				BC0FF5E52BA0A2C200042A92 /* wanderhub.xcdatamodeld */,
				BC0FF5E02BA0A2C200042A92 /* Preview Content */,
			);
			path = wanderhub;
			sourceTree = "<group>";
		};
		BC0FF5E02BA0A2C200042A92 /* Preview Content */ = {
			isa = PBXGroup;
			children = (
				BC0FF5E12BA0A2C200042A92 /* Preview Assets.xcassets */,
			);
			path = "Preview Content";
			sourceTree = "<group>";
		};
		BC0FF5F02BA0A2C300042A92 /* wanderhubTests */ = {
			isa = PBXGroup;
			children = (
				BC0FF5F12BA0A2C300042A92 /* wanderhubTests.swift */,
			);
			path = wanderhubTests;
			sourceTree = "<group>";
		};
		BC0FF5FA2BA0A2C300042A92 /* wanderhubUITests */ = {
			isa = PBXGroup;
			children = (
				BC0FF5FB2BA0A2C300042A92 /* wanderhubUITests.swift */,
				BC0FF5FD2BA0A2C300042A92 /* wanderhubUITestsLaunchTests.swift */,
			);
			path = wanderhubUITests;
			sourceTree = "<group>";
		};
/* End PBXGroup section */

/* Begin PBXNativeTarget section */
		BC0FF5D62BA0A2C000042A92 /* wanderhub */ = {
			isa = PBXNativeTarget;
			buildConfigurationList = BC0FF6012BA0A2C300042A92 /* Build configuration list for PBXNativeTarget "wanderhub" */;
			buildPhases = (
				BC0FF5D32BA0A2C000042A92 /* Sources */,
				BC0FF5D42BA0A2C000042A92 /* Frameworks */,
				BC0FF5D52BA0A2C000042A92 /* Resources */,
			);
			buildRules = (
			);
			dependencies = (
			);
			name = wanderhub;
			productName = wanderhub;
			productReference = BC0FF5D72BA0A2C000042A92 /* wanderhub.app */;
			productType = "com.apple.product-type.application";
		};
		BC0FF5EC2BA0A2C300042A92 /* wanderhubTests */ = {
			isa = PBXNativeTarget;
			buildConfigurationList = BC0FF6042BA0A2C300042A92 /* Build configuration list for PBXNativeTarget "wanderhubTests" */;
			buildPhases = (
				BC0FF5E92BA0A2C300042A92 /* Sources */,
				BC0FF5EA2BA0A2C300042A92 /* Frameworks */,
				BC0FF5EB2BA0A2C300042A92 /* Resources */,
			);
			buildRules = (
			);
			dependencies = (
				BC0FF5EF2BA0A2C300042A92 /* PBXTargetDependency */,
			);
			name = wanderhubTests;
			productName = wanderhubTests;
			productReference = BC0FF5ED2BA0A2C300042A92 /* wanderhubTests.xctest */;
			productType = "com.apple.product-type.bundle.unit-test";
		};
		BC0FF5F62BA0A2C300042A92 /* wanderhubUITests */ = {
			isa = PBXNativeTarget;
			buildConfigurationList = BC0FF6072BA0A2C300042A92 /* Build configuration list for PBXNativeTarget "wanderhubUITests" */;
			buildPhases = (
				BC0FF5F32BA0A2C300042A92 /* Sources */,
				BC0FF5F42BA0A2C300042A92 /* Frameworks */,
				BC0FF5F52BA0A2C300042A92 /* Resources */,
			);
			buildRules = (
			);
			dependencies = (
				BC0FF5F92BA0A2C300042A92 /* PBXTargetDependency */,
			);
			name = wanderhubUITests;
			productName = wanderhubUITests;
			productReference = BC0FF5F72BA0A2C300042A92 /* wanderhubUITests.xctest */;
			productType = "com.apple.product-type.bundle.ui-testing";
		};
/* End PBXNativeTarget section */

/* Begin PBXProject section */
		BC0FF5CF2BA0A2C000042A92 /* Project object */ = {
			isa = PBXProject;
			attributes = {
				BuildIndependentTargetsInParallel = 1;
				LastSwiftUpdateCheck = 1530;
				LastUpgradeCheck = 1530;
				TargetAttributes = {
					BC0FF5D62BA0A2C000042A92 = {
						CreatedOnToolsVersion = 15.3;
					};
					BC0FF5EC2BA0A2C300042A92 = {
						CreatedOnToolsVersion = 15.3;
						TestTargetID = BC0FF5D62BA0A2C000042A92;
					};
					BC0FF5F62BA0A2C300042A92 = {
						CreatedOnToolsVersion = 15.3;
						TestTargetID = BC0FF5D62BA0A2C000042A92;
					};
				};
			};
			buildConfigurationList = BC0FF5D22BA0A2C000042A92 /* Build configuration list for PBXProject "wanderhub" */;
			compatibilityVersion = "Xcode 14.0";
			developmentRegion = en;
			hasScannedForEncodings = 0;
			knownRegions = (
				en,
				Base,
			);
			mainGroup = BC0FF5CE2BA0A2C000042A92;
			productRefGroup = BC0FF5D82BA0A2C000042A92 /* Products */;
			projectDirPath = "";
			projectRoot = "";
			targets = (
				BC0FF5D62BA0A2C000042A92 /* wanderhub */,
				BC0FF5EC2BA0A2C300042A92 /* wanderhubTests */,
				BC0FF5F62BA0A2C300042A92 /* wanderhubUITests */,
			);
		};
/* End PBXProject section */

/* Begin PBXResourcesBuildPhase section */
		BC0FF5D52BA0A2C000042A92 /* Resources */ = {
			isa = PBXResourcesBuildPhase;
			buildActionMask = 2147483647;
			files = (
				BC0FF5E22BA0A2C200042A92 /* Preview Assets.xcassets in Resources */,
				BC0FF5DF2BA0A2C200042A92 /* Assets.xcassets in Resources */,
			);
			runOnlyForDeploymentPostprocessing = 0;
		};
		BC0FF5EB2BA0A2C300042A92 /* Resources */ = {
			isa = PBXResourcesBuildPhase;
			buildActionMask = 2147483647;
			files = (
			);
			runOnlyForDeploymentPostprocessing = 0;
		};
		BC0FF5F52BA0A2C300042A92 /* Resources */ = {
			isa = PBXResourcesBuildPhase;
			buildActionMask = 2147483647;
			files = (
			);
			runOnlyForDeploymentPostprocessing = 0;
		};
/* End PBXResourcesBuildPhase section */

/* Begin PBXSourcesBuildPhase section */
		BC0FF5D32BA0A2C000042A92 /* Sources */ = {
			isa = PBXSourcesBuildPhase;
			buildActionMask = 2147483647;
			files = (
				BC0FF5E42BA0A2C200042A92 /* Persistence.swift in Sources */,
				BC0FF5DD2BA0A2C000042A92 /* ContentView.swift in Sources */,
				BC0FF5E72BA0A2C200042A92 /* wanderhub.xcdatamodeld in Sources */,
				BC0FF5DB2BA0A2C000042A92 /* wanderhubApp.swift in Sources */,
			);
			runOnlyForDeploymentPostprocessing = 0;
		};
		BC0FF5E92BA0A2C300042A92 /* Sources */ = {
			isa = PBXSourcesBuildPhase;
			buildActionMask = 2147483647;
			files = (
				BC0FF5F22BA0A2C300042A92 /* wanderhubTests.swift in Sources */,
			);
			runOnlyForDeploymentPostprocessing = 0;
		};
		BC0FF5F32BA0A2C300042A92 /* Sources */ = {
			isa = PBXSourcesBuildPhase;
			buildActionMask = 2147483647;
			files = (
				BC0FF5FC2BA0A2C300042A92 /* wanderhubUITests.swift in Sources */,
				BC0FF5FE2BA0A2C300042A92 /* wanderhubUITestsLaunchTests.swift in Sources */,
			);
			runOnlyForDeploymentPostprocessing = 0;
		};
/* End PBXSourcesBuildPhase section */

/* Begin PBXTargetDependency section */
		BC0FF5EF2BA0A2C300042A92 /* PBXTargetDependency */ = {
			isa = PBXTargetDependency;
			target = BC0FF5D62BA0A2C000042A92 /* wanderhub */;
			targetProxy = BC0FF5EE2BA0A2C300042A92 /* PBXContainerItemProxy */;
		};
		BC0FF5F92BA0A2C300042A92 /* PBXTargetDependency */ = {
			isa = PBXTargetDependency;
			target = BC0FF5D62BA0A2C000042A92 /* wanderhub */;
			targetProxy = BC0FF5F82BA0A2C300042A92 /* PBXContainerItemProxy */;
		};
/* End PBXTargetDependency section */

/* Begin XCBuildConfiguration section */
		BC0FF5FF2BA0A2C300042A92 /* Debug */ = {
			isa = XCBuildConfiguration;
			buildSettings = {
				ALWAYS_SEARCH_USER_PATHS = NO;
				ASSETCATALOG_COMPILER_GENERATE_SWIFT_ASSET_SYMBOL_EXTENSIONS = YES;
				CLANG_ANALYZER_NONNULL = YES;
				CLANG_ANALYZER_NUMBER_OBJECT_CONVERSION = YES_AGGRESSIVE;
				CLANG_CXX_LANGUAGE_STANDARD = "gnu++20";
				CLANG_ENABLE_MODULES = YES;
				CLANG_ENABLE_OBJC_ARC = YES;
				CLANG_ENABLE_OBJC_WEAK = YES;
				CLANG_WARN_BLOCK_CAPTURE_AUTORELEASING = YES;
				CLANG_WARN_BOOL_CONVERSION = YES;
				CLANG_WARN_COMMA = YES;
				CLANG_WARN_CONSTANT_CONVERSION = YES;
				CLANG_WARN_DEPRECATED_OBJC_IMPLEMENTATIONS = YES;
				CLANG_WARN_DIRECT_OBJC_ISA_USAGE = YES_ERROR;
				CLANG_WARN_DOCUMENTATION_COMMENTS = YES;
				CLANG_WARN_EMPTY_BODY = YES;
				CLANG_WARN_ENUM_CONVERSION = YES;
				CLANG_WARN_INFINITE_RECURSION = YES;
				CLANG_WARN_INT_CONVERSION = YES;
				CLANG_WARN_NON_LITERAL_NULL_CONVERSION = YES;
				CLANG_WARN_OBJC_IMPLICIT_RETAIN_SELF = YES;
				CLANG_WARN_OBJC_LITERAL_CONVERSION = YES;
				CLANG_WARN_OBJC_ROOT_CLASS = YES_ERROR;
				CLANG_WARN_QUOTED_INCLUDE_IN_FRAMEWORK_HEADER = YES;
				CLANG_WARN_RANGE_LOOP_ANALYSIS = YES;
				CLANG_WARN_STRICT_PROTOTYPES = YES;
				CLANG_WARN_SUSPICIOUS_MOVE = YES;
				CLANG_WARN_UNGUARDED_AVAILABILITY = YES_AGGRESSIVE;
				CLANG_WARN_UNREACHABLE_CODE = YES;
				CLANG_WARN__DUPLICATE_METHOD_MATCH = YES;
				COPY_PHASE_STRIP = NO;
				DEBUG_INFORMATION_FORMAT = dwarf;
				ENABLE_STRICT_OBJC_MSGSEND = YES;
				ENABLE_TESTABILITY = YES;
				ENABLE_USER_SCRIPT_SANDBOXING = YES;
				GCC_C_LANGUAGE_STANDARD = gnu17;
				GCC_DYNAMIC_NO_PIC = NO;
				GCC_NO_COMMON_BLOCKS = YES;
				GCC_OPTIMIZATION_LEVEL = 0;
				GCC_PREPROCESSOR_DEFINITIONS = (
					"DEBUG=1",
					"$(inherited)",
				);
				GCC_WARN_64_TO_32_BIT_CONVERSION = YES;
				GCC_WARN_ABOUT_RETURN_TYPE = YES_ERROR;
				GCC_WARN_UNDECLARED_SELECTOR = YES;
				GCC_WARN_UNINITIALIZED_AUTOS = YES_AGGRESSIVE;
				GCC_WARN_UNUSED_FUNCTION = YES;
				GCC_WARN_UNUSED_VARIABLE = YES;
				LOCALIZATION_PREFERS_STRING_CATALOGS = YES;
				MACOSX_DEPLOYMENT_TARGET = 14.3;
				MTL_ENABLE_DEBUG_INFO = INCLUDE_SOURCE;
				MTL_FAST_MATH = YES;
				ONLY_ACTIVE_ARCH = YES;
				SDKROOT = macosx;
				SWIFT_ACTIVE_COMPILATION_CONDITIONS = "DEBUG $(inherited)";
				SWIFT_OPTIMIZATION_LEVEL = "-Onone";
			};
			name = Debug;
		};
		BC0FF6002BA0A2C300042A92 /* Release */ = {
			isa = XCBuildConfiguration;
			buildSettings = {
				ALWAYS_SEARCH_USER_PATHS = NO;
				ASSETCATALOG_COMPILER_GENERATE_SWIFT_ASSET_SYMBOL_EXTENSIONS = YES;
				CLANG_ANALYZER_NONNULL = YES;
				CLANG_ANALYZER_NUMBER_OBJECT_CONVERSION = YES_AGGRESSIVE;
				CLANG_CXX_LANGUAGE_STANDARD = "gnu++20";
				CLANG_ENABLE_MODULES = YES;
				CLANG_ENABLE_OBJC_ARC = YES;
				CLANG_ENABLE_OBJC_WEAK = YES;
				CLANG_WARN_BLOCK_CAPTURE_AUTORELEASING = YES;
				CLANG_WARN_BOOL_CONVERSION = YES;
				CLANG_WARN_COMMA = YES;
				CLANG_WARN_CONSTANT_CONVERSION = YES;
				CLANG_WARN_DEPRECATED_OBJC_IMPLEMENTATIONS = YES;
				CLANG_WARN_DIRECT_OBJC_ISA_USAGE = YES_ERROR;
				CLANG_WARN_DOCUMENTATION_COMMENTS = YES;
				CLANG_WARN_EMPTY_BODY = YES;
				CLANG_WARN_ENUM_CONVERSION = YES;
				CLANG_WARN_INFINITE_RECURSION = YES;
				CLANG_WARN_INT_CONVERSION = YES;
				CLANG_WARN_NON_LITERAL_NULL_CONVERSION = YES;
				CLANG_WARN_OBJC_IMPLICIT_RETAIN_SELF = YES;
				CLANG_WARN_OBJC_LITERAL_CONVERSION = YES;
				CLANG_WARN_OBJC_ROOT_CLASS = YES_ERROR;
				CLANG_WARN_QUOTED_INCLUDE_IN_FRAMEWORK_HEADER = YES;
				CLANG_WARN_RANGE_LOOP_ANALYSIS = YES;
				CLANG_WARN_STRICT_PROTOTYPES = YES;
				CLANG_WARN_SUSPICIOUS_MOVE = YES;
				CLANG_WARN_UNGUARDED_AVAILABILITY = YES_AGGRESSIVE;
				CLANG_WARN_UNREACHABLE_CODE = YES;
				CLANG_WARN__DUPLICATE_METHOD_MATCH = YES;
				COPY_PHASE_STRIP = NO;
				DEBUG_INFORMATION_FORMAT = "dwarf-with-dsym";
				ENABLE_NS_ASSERTIONS = NO;
				ENABLE_STRICT_OBJC_MSGSEND = YES;
				ENABLE_USER_SCRIPT_SANDBOXING = YES;
				GCC_C_LANGUAGE_STANDARD = gnu17;
				GCC_NO_COMMON_BLOCKS = YES;
				GCC_WARN_64_TO_32_BIT_CONVERSION = YES;
				GCC_WARN_ABOUT_RETURN_TYPE = YES_ERROR;
				GCC_WARN_UNDECLARED_SELECTOR = YES;
				GCC_WARN_UNINITIALIZED_AUTOS = YES_AGGRESSIVE;
				GCC_WARN_UNUSED_FUNCTION = YES;
				GCC_WARN_UNUSED_VARIABLE = YES;
				LOCALIZATION_PREFERS_STRING_CATALOGS = YES;
				MACOSX_DEPLOYMENT_TARGET = 14.3;
				MTL_ENABLE_DEBUG_INFO = NO;
				MTL_FAST_MATH = YES;
				SDKROOT = macosx;
				SWIFT_COMPILATION_MODE = wholemodule;
			};
			name = Release;
		};
		BC0FF6022BA0A2C300042A92 /* Debug */ = {
			isa = XCBuildConfiguration;
			buildSettings = {
				ASSETCATALOG_COMPILER_APPICON_NAME = AppIcon;
				ASSETCATALOG_COMPILER_GLOBAL_ACCENT_COLOR_NAME = AccentColor;
				CODE_SIGN_ENTITLEMENTS = wanderhub/wanderhub.entitlements;
				CODE_SIGN_STYLE = Automatic;
				COMBINE_HIDPI_IMAGES = YES;
				CURRENT_PROJECT_VERSION = 1;
				DEVELOPMENT_ASSET_PATHS = "\"wanderhub/Preview Content\"";
				ENABLE_PREVIEWS = YES;
				GENERATE_INFOPLIST_FILE = YES;
				INFOPLIST_KEY_NSHumanReadableCopyright = "";
				LD_RUNPATH_SEARCH_PATHS = (
					"$(inherited)",
					"@executable_path/../Frameworks",
				);
				MARKETING_VERSION = 1.0;
				PRODUCT_BUNDLE_IDENTIFIER = swifities.wanderhub;
				PRODUCT_NAME = "$(TARGET_NAME)";
				SWIFT_EMIT_LOC_STRINGS = YES;
				SWIFT_VERSION = 5.0;
			};
			name = Debug;
		};
		BC0FF6032BA0A2C300042A92 /* Release */ = {
			isa = XCBuildConfiguration;
			buildSettings = {
				ASSETCATALOG_COMPILER_APPICON_NAME = AppIcon;
				ASSETCATALOG_COMPILER_GLOBAL_ACCENT_COLOR_NAME = AccentColor;
				CODE_SIGN_ENTITLEMENTS = wanderhub/wanderhub.entitlements;
				CODE_SIGN_STYLE = Automatic;
				COMBINE_HIDPI_IMAGES = YES;
				CURRENT_PROJECT_VERSION = 1;
				DEVELOPMENT_ASSET_PATHS = "\"wanderhub/Preview Content\"";
				ENABLE_PREVIEWS = YES;
				GENERATE_INFOPLIST_FILE = YES;
				INFOPLIST_KEY_NSHumanReadableCopyright = "";
				LD_RUNPATH_SEARCH_PATHS = (
					"$(inherited)",
					"@executable_path/../Frameworks",
				);
				MARKETING_VERSION = 1.0;
				PRODUCT_BUNDLE_IDENTIFIER = swifities.wanderhub;
				PRODUCT_NAME = "$(TARGET_NAME)";
				SWIFT_EMIT_LOC_STRINGS = YES;
				SWIFT_VERSION = 5.0;
			};
			name = Release;
		};
		BC0FF6052BA0A2C300042A92 /* Debug */ = {
			isa = XCBuildConfiguration;
			buildSettings = {
				ALWAYS_EMBED_SWIFT_STANDARD_LIBRARIES = YES;
				BUNDLE_LOADER = "$(TEST_HOST)";
				CODE_SIGN_STYLE = Automatic;
				CURRENT_PROJECT_VERSION = 1;
				GENERATE_INFOPLIST_FILE = YES;
				MACOSX_DEPLOYMENT_TARGET = 14.3;
				MARKETING_VERSION = 1.0;
				PRODUCT_BUNDLE_IDENTIFIER = swifities.wanderhubTests;
				PRODUCT_NAME = "$(TARGET_NAME)";
				SWIFT_EMIT_LOC_STRINGS = NO;
				SWIFT_VERSION = 5.0;
				TEST_HOST = "$(BUILT_PRODUCTS_DIR)/wanderhub.app/$(BUNDLE_EXECUTABLE_FOLDER_PATH)/wanderhub";
			};
			name = Debug;
		};
		BC0FF6062BA0A2C300042A92 /* Release */ = {
			isa = XCBuildConfiguration;
			buildSettings = {
				ALWAYS_EMBED_SWIFT_STANDARD_LIBRARIES = YES;
				BUNDLE_LOADER = "$(TEST_HOST)";
				CODE_SIGN_STYLE = Automatic;
				CURRENT_PROJECT_VERSION = 1;
				GENERATE_INFOPLIST_FILE = YES;
				MACOSX_DEPLOYMENT_TARGET = 14.3;
				MARKETING_VERSION = 1.0;
				PRODUCT_BUNDLE_IDENTIFIER = swifities.wanderhubTests;
				PRODUCT_NAME = "$(TARGET_NAME)";
				SWIFT_EMIT_LOC_STRINGS = NO;
				SWIFT_VERSION = 5.0;
				TEST_HOST = "$(BUILT_PRODUCTS_DIR)/wanderhub.app/$(BUNDLE_EXECUTABLE_FOLDER_PATH)/wanderhub";
			};
			name = Release;
		};
		BC0FF6082BA0A2C300042A92 /* Debug */ = {
			isa = XCBuildConfiguration;
			buildSettings = {
				ALWAYS_EMBED_SWIFT_STANDARD_LIBRARIES = YES;
				CODE_SIGN_STYLE = Automatic;
				CURRENT_PROJECT_VERSION = 1;
				GENERATE_INFOPLIST_FILE = YES;
				MARKETING_VERSION = 1.0;
				PRODUCT_BUNDLE_IDENTIFIER = swifities.wanderhubUITests;
				PRODUCT_NAME = "$(TARGET_NAME)";
				SWIFT_EMIT_LOC_STRINGS = NO;
				SWIFT_VERSION = 5.0;
				TEST_TARGET_NAME = wanderhub;
			};
			name = Debug;
		};
		BC0FF6092BA0A2C300042A92 /* Release */ = {
			isa = XCBuildConfiguration;
			buildSettings = {
				ALWAYS_EMBED_SWIFT_STANDARD_LIBRARIES = YES;
				CODE_SIGN_STYLE = Automatic;
				CURRENT_PROJECT_VERSION = 1;
				GENERATE_INFOPLIST_FILE = YES;
				MARKETING_VERSION = 1.0;
				PRODUCT_BUNDLE_IDENTIFIER = swifities.wanderhubUITests;
				PRODUCT_NAME = "$(TARGET_NAME)";
				SWIFT_EMIT_LOC_STRINGS = NO;
				SWIFT_VERSION = 5.0;
				TEST_TARGET_NAME = wanderhub;
			};
			name = Release;
		};
/* End XCBuildConfiguration section */

/* Begin XCConfigurationList section */
		BC0FF5D22BA0A2C000042A92 /* Build configuration list for PBXProject "wanderhub" */ = {
			isa = XCConfigurationList;
			buildConfigurations = (
				BC0FF5FF2BA0A2C300042A92 /* Debug */,
				BC0FF6002BA0A2C300042A92 /* Release */,
			);
			defaultConfigurationIsVisible = 0;
			defaultConfigurationName = Release;
		};
		BC0FF6012BA0A2C300042A92 /* Build configuration list for PBXNativeTarget "wanderhub" */ = {
			isa = XCConfigurationList;
			buildConfigurations = (
				BC0FF6022BA0A2C300042A92 /* Debug */,
				BC0FF6032BA0A2C300042A92 /* Release */,
			);
			defaultConfigurationIsVisible = 0;
			defaultConfigurationName = Release;
		};
		BC0FF6042BA0A2C300042A92 /* Build configuration list for PBXNativeTarget "wanderhubTests" */ = {
			isa = XCConfigurationList;
			buildConfigurations = (
				BC0FF6052BA0A2C300042A92 /* Debug */,
				BC0FF6062BA0A2C300042A92 /* Release */,
			);
			defaultConfigurationIsVisible = 0;
			defaultConfigurationName = Release;
		};
		BC0FF6072BA0A2C300042A92 /* Build configuration list for PBXNativeTarget "wanderhubUITests" */ = {
			isa = XCConfigurationList;
			buildConfigurations = (
				BC0FF6082BA0A2C300042A92 /* Debug */,
				BC0FF6092BA0A2C300042A92 /* Release */,
			);
			defaultConfigurationIsVisible = 0;
			defaultConfigurationName = Release;
		};
/* End XCConfigurationList section */

/* Begin XCVersionGroup section */
		BC0FF5E52BA0A2C200042A92 /* wanderhub.xcdatamodeld */ = {
			isa = XCVersionGroup;
			children = (
				BC0FF5E62BA0A2C200042A92 /* wanderhub.xcdatamodel */,
			);
			currentVersion = BC0FF5E62BA0A2C200042A92 /* wanderhub.xcdatamodel */;
			path = wanderhub.xcdatamodeld;
			sourceTree = "<group>";
			versionGroupType = wrapper.xcdatamodel;
		};
/* End XCVersionGroup section */
	};
	rootObject = BC0FF5CF2BA0A2C000042A92 /* Project object */;
}
