// !$*UTF8*$!
{
	archiveVersion = 1;
	classes = {
	};
	objectVersion = 56;
	objects = {

/* Begin PBXBuildFile section */
		F73A46C02BAFE08200059ECA /* GeoData.swift in Sources */ = {isa = PBXBuildFile; fileRef = F73A469D2BAFE08200059ECA /* GeoData.swift */; };
		F73A46C12BAFE08200059ECA /* Globals.swift in Sources */ = {isa = PBXBuildFile; fileRef = F73A469E2BAFE08200059ECA /* Globals.swift */; };
		F73A46C22BAFE08200059ECA /* ImageData.swift in Sources */ = {isa = PBXBuildFile; fileRef = F73A469F2BAFE08200059ECA /* ImageData.swift */; };
		F73A46C32BAFE08200059ECA /* Landmark.swift in Sources */ = {isa = PBXBuildFile; fileRef = F73A46A02BAFE08200059ECA /* Landmark.swift */; };
		F73A46C42BAFE08200059ECA /* LandmarkStore.swift in Sources */ = {isa = PBXBuildFile; fileRef = F73A46A12BAFE08200059ECA /* LandmarkStore.swift */; };
		F73A46C52BAFE08200059ECA /* CameraView.swift in Sources */ = {isa = PBXBuildFile; fileRef = F73A46A32BAFE08200059ECA /* CameraView.swift */; };
		F73A46C62BAFE08200059ECA /* ImageStore.swift in Sources */ = {isa = PBXBuildFile; fileRef = F73A46A42BAFE08200059ECA /* ImageStore.swift */; };
		F73A46C72BAFE08200059ECA /* Media.swift in Sources */ = {isa = PBXBuildFile; fileRef = F73A46A52BAFE08200059ECA /* Media.swift */; };
		F73A46C82BAFE08200059ECA /* BookingView.swift in Sources */ = {isa = PBXBuildFile; fileRef = F73A46A72BAFE08200059ECA /* BookingView.swift */; };
		F73A46C92BAFE08200059ECA /* ItineraryView.swift in Sources */ = {isa = PBXBuildFile; fileRef = F73A46A82BAFE08200059ECA /* ItineraryView.swift */; };
		F73A46CA2BAFE08200059ECA /* MainTripView.swift in Sources */ = {isa = PBXBuildFile; fileRef = F73A46A92BAFE08200059ECA /* MainTripView.swift */; };
		F73A46CB2BAFE08200059ECA /* SubmitBooking.swift in Sources */ = {isa = PBXBuildFile; fileRef = F73A46AA2BAFE08200059ECA /* SubmitBooking.swift */; };
		F73A46CC2BAFE08200059ECA /* LocManager.swift in Sources */ = {isa = PBXBuildFile; fileRef = F73A46AC2BAFE08200059ECA /* LocManager.swift */; };
		F73A46CD2BAFE08200059ECA /* MapView.swift in Sources */ = {isa = PBXBuildFile; fileRef = F73A46AD2BAFE08200059ECA /* MapView.swift */; };
		F73A46CE2BAFE08200059ECA /* Preview Assets.xcassets in Resources */ = {isa = PBXBuildFile; fileRef = F73A46AF2BAFE08200059ECA /* Preview Assets.xcassets */; };
		F73A46CF2BAFE08200059ECA /* SignIn.swift in Sources */ = {isa = PBXBuildFile; fileRef = F73A46B12BAFE08200059ECA /* SignIn.swift */; };
		F73A46D02BAFE08200059ECA /* SignUp.swift in Sources */ = {isa = PBXBuildFile; fileRef = F73A46B22BAFE08200059ECA /* SignUp.swift */; };
		F73A46D12BAFE08200059ECA /* User.swift in Sources */ = {isa = PBXBuildFile; fileRef = F73A46B32BAFE08200059ECA /* User.swift */; };
		F73A46D22BAFE08200059ECA /* WanderHubID.swift in Sources */ = {isa = PBXBuildFile; fileRef = F73A46B42BAFE08200059ECA /* WanderHubID.swift */; };
		F73A46D32BAFE08200059ECA /* ChildNavController.swift in Sources */ = {isa = PBXBuildFile; fileRef = F73A46B62BAFE08200059ECA /* ChildNavController.swift */; };
		F73A46D42BAFE08200059ECA /* ContentViewController.swift in Sources */ = {isa = PBXBuildFile; fileRef = F73A46B72BAFE08200059ECA /* ContentViewController.swift */; };
		F73A46D52BAFE08200059ECA /* MainNavController.swift in Sources */ = {isa = PBXBuildFile; fileRef = F73A46B82BAFE08200059ECA /* MainNavController.swift */; };
		F73A46D62BAFE08200059ECA /* Assets.xcassets in Resources */ = {isa = PBXBuildFile; fileRef = F73A46BA2BAFE08200059ECA /* Assets.xcassets */; };
		F73A46D72BAFE08200059ECA /* HomeView.swift in Sources */ = {isa = PBXBuildFile; fileRef = F73A46BB2BAFE08200059ECA /* HomeView.swift */; };
		F73A46D82BAFE08200059ECA /* Info.plist in Resources */ = {isa = PBXBuildFile; fileRef = F73A46BC2BAFE08200059ECA /* Info.plist */; };
		F73A46D92BAFE08200059ECA /* StartupPage.swift in Sources */ = {isa = PBXBuildFile; fileRef = F73A46BD2BAFE08200059ECA /* StartupPage.swift */; };
		F73A46DA2BAFE08200059ECA /* wanderhubApp.swift in Sources */ = {isa = PBXBuildFile; fileRef = F73A46BE2BAFE08200059ECA /* wanderhubApp.swift */; };
/* End PBXBuildFile section */

/* Begin PBXFileReference section */
		F73A469D2BAFE08200059ECA /* GeoData.swift */ = {isa = PBXFileReference; fileEncoding = 4; lastKnownFileType = sourcecode.swift; path = GeoData.swift; sourceTree = "<group>"; };
		F73A469E2BAFE08200059ECA /* Globals.swift */ = {isa = PBXFileReference; fileEncoding = 4; lastKnownFileType = sourcecode.swift; path = Globals.swift; sourceTree = "<group>"; };
		F73A469F2BAFE08200059ECA /* ImageData.swift */ = {isa = PBXFileReference; fileEncoding = 4; lastKnownFileType = sourcecode.swift; path = ImageData.swift; sourceTree = "<group>"; };
		F73A46A02BAFE08200059ECA /* Landmark.swift */ = {isa = PBXFileReference; fileEncoding = 4; lastKnownFileType = sourcecode.swift; path = Landmark.swift; sourceTree = "<group>"; };
		F73A46A12BAFE08200059ECA /* LandmarkStore.swift */ = {isa = PBXFileReference; fileEncoding = 4; lastKnownFileType = sourcecode.swift; path = LandmarkStore.swift; sourceTree = "<group>"; };
		F73A46A32BAFE08200059ECA /* CameraView.swift */ = {isa = PBXFileReference; fileEncoding = 4; lastKnownFileType = sourcecode.swift; path = CameraView.swift; sourceTree = "<group>"; };
		F73A46A42BAFE08200059ECA /* ImageStore.swift */ = {isa = PBXFileReference; fileEncoding = 4; lastKnownFileType = sourcecode.swift; path = ImageStore.swift; sourceTree = "<group>"; };
		F73A46A52BAFE08200059ECA /* Media.swift */ = {isa = PBXFileReference; fileEncoding = 4; lastKnownFileType = sourcecode.swift; path = Media.swift; sourceTree = "<group>"; };
		F73A46A72BAFE08200059ECA /* BookingView.swift */ = {isa = PBXFileReference; fileEncoding = 4; lastKnownFileType = sourcecode.swift; path = BookingView.swift; sourceTree = "<group>"; };
		F73A46A82BAFE08200059ECA /* ItineraryView.swift */ = {isa = PBXFileReference; fileEncoding = 4; lastKnownFileType = sourcecode.swift; path = ItineraryView.swift; sourceTree = "<group>"; };
		F73A46A92BAFE08200059ECA /* MainTripView.swift */ = {isa = PBXFileReference; fileEncoding = 4; lastKnownFileType = sourcecode.swift; path = MainTripView.swift; sourceTree = "<group>"; };
		F73A46AA2BAFE08200059ECA /* SubmitBooking.swift */ = {isa = PBXFileReference; fileEncoding = 4; lastKnownFileType = sourcecode.swift; path = SubmitBooking.swift; sourceTree = "<group>"; };
		F73A46AC2BAFE08200059ECA /* LocManager.swift */ = {isa = PBXFileReference; fileEncoding = 4; lastKnownFileType = sourcecode.swift; path = LocManager.swift; sourceTree = "<group>"; };
		F73A46AD2BAFE08200059ECA /* MapView.swift */ = {isa = PBXFileReference; fileEncoding = 4; lastKnownFileType = sourcecode.swift; path = MapView.swift; sourceTree = "<group>"; };
		F73A46AF2BAFE08200059ECA /* Preview Assets.xcassets */ = {isa = PBXFileReference; lastKnownFileType = folder.assetcatalog; path = "Preview Assets.xcassets"; sourceTree = "<group>"; };
		F73A46B12BAFE08200059ECA /* SignIn.swift */ = {isa = PBXFileReference; fileEncoding = 4; lastKnownFileType = sourcecode.swift; path = SignIn.swift; sourceTree = "<group>"; };
		F73A46B22BAFE08200059ECA /* SignUp.swift */ = {isa = PBXFileReference; fileEncoding = 4; lastKnownFileType = sourcecode.swift; path = SignUp.swift; sourceTree = "<group>"; };
		F73A46B32BAFE08200059ECA /* User.swift */ = {isa = PBXFileReference; fileEncoding = 4; lastKnownFileType = sourcecode.swift; path = User.swift; sourceTree = "<group>"; };
		F73A46B42BAFE08200059ECA /* WanderHubID.swift */ = {isa = PBXFileReference; fileEncoding = 4; lastKnownFileType = sourcecode.swift; path = WanderHubID.swift; sourceTree = "<group>"; };
		F73A46B62BAFE08200059ECA /* ChildNavController.swift */ = {isa = PBXFileReference; fileEncoding = 4; lastKnownFileType = sourcecode.swift; path = ChildNavController.swift; sourceTree = "<group>"; };
		F73A46B72BAFE08200059ECA /* ContentViewController.swift */ = {isa = PBXFileReference; fileEncoding = 4; lastKnownFileType = sourcecode.swift; path = ContentViewController.swift; sourceTree = "<group>"; };
		F73A46B82BAFE08200059ECA /* MainNavController.swift */ = {isa = PBXFileReference; fileEncoding = 4; lastKnownFileType = sourcecode.swift; path = MainNavController.swift; sourceTree = "<group>"; };
		F73A46BA2BAFE08200059ECA /* Assets.xcassets */ = {isa = PBXFileReference; lastKnownFileType = folder.assetcatalog; path = Assets.xcassets; sourceTree = "<group>"; };
		F73A46BB2BAFE08200059ECA /* HomeView.swift */ = {isa = PBXFileReference; fileEncoding = 4; lastKnownFileType = sourcecode.swift; path = HomeView.swift; sourceTree = "<group>"; };
		F73A46BC2BAFE08200059ECA /* Info.plist */ = {isa = PBXFileReference; fileEncoding = 4; lastKnownFileType = text.plist.xml; path = Info.plist; sourceTree = "<group>"; };
		F73A46BD2BAFE08200059ECA /* StartupPage.swift */ = {isa = PBXFileReference; fileEncoding = 4; lastKnownFileType = sourcecode.swift; path = StartupPage.swift; sourceTree = "<group>"; };
		F73A46BE2BAFE08200059ECA /* wanderhubApp.swift */ = {isa = PBXFileReference; fileEncoding = 4; lastKnownFileType = sourcecode.swift; path = wanderhubApp.swift; sourceTree = "<group>"; };
		F7EAB9132BA0B7F800F2B335 /* wanderhub.app */ = {isa = PBXFileReference; explicitFileType = wrapper.application; includeInIndex = 0; path = wanderhub.app; sourceTree = BUILT_PRODUCTS_DIR; };
/* End PBXFileReference section */

/* Begin PBXFrameworksBuildPhase section */
		F7EAB9102BA0B7F800F2B335 /* Frameworks */ = {
			isa = PBXFrameworksBuildPhase;
			buildActionMask = 2147483647;
			files = (
			);
			runOnlyForDeploymentPostprocessing = 0;
		};
/* End PBXFrameworksBuildPhase section */

/* Begin PBXGroup section */
		F73A46A22BAFE08200059ECA /* CommonObj */ = {
			isa = PBXGroup;
			children = (
				F73A469D2BAFE08200059ECA /* GeoData.swift */,
				F73A469E2BAFE08200059ECA /* Globals.swift */,
				F73A469F2BAFE08200059ECA /* ImageData.swift */,
				F73A46A02BAFE08200059ECA /* Landmark.swift */,
				F73A46A12BAFE08200059ECA /* LandmarkStore.swift */,
			);
			path = CommonObj;
			sourceTree = "<group>";
		};
		F73A46A62BAFE08200059ECA /* IdentifyLandmark */ = {
			isa = PBXGroup;
			children = (
				F73A46A32BAFE08200059ECA /* CameraView.swift */,
				F73A46A42BAFE08200059ECA /* ImageStore.swift */,
				F73A46A52BAFE08200059ECA /* Media.swift */,
			);
			path = IdentifyLandmark;
			sourceTree = "<group>";
		};
		F73A46AB2BAFE08200059ECA /* Itinerary */ = {
			isa = PBXGroup;
			children = (
				F73A46A72BAFE08200059ECA /* BookingView.swift */,
				F73A46A82BAFE08200059ECA /* ItineraryView.swift */,
				F73A46A92BAFE08200059ECA /* MainTripView.swift */,
				F73A46AA2BAFE08200059ECA /* SubmitBooking.swift */,
			);
			path = Itinerary;
			sourceTree = "<group>";
		};
		F73A46AE2BAFE08200059ECA /* Map */ = {
			isa = PBXGroup;
			children = (
				F73A46AC2BAFE08200059ECA /* LocManager.swift */,
				F73A46AD2BAFE08200059ECA /* MapView.swift */,
			);
			path = Map;
			sourceTree = "<group>";
		};
		F73A46B02BAFE08200059ECA /* Preview Content */ = {
			isa = PBXGroup;
			children = (
				F73A46AF2BAFE08200059ECA /* Preview Assets.xcassets */,
			);
			path = "Preview Content";
			sourceTree = "<group>";
		};
		F73A46B52BAFE08200059ECA /* SignIn */ = {
			isa = PBXGroup;
			children = (
				F73A46B12BAFE08200059ECA /* SignIn.swift */,
				F73A46B22BAFE08200059ECA /* SignUp.swift */,
				F73A46B32BAFE08200059ECA /* User.swift */,
				F73A46B42BAFE08200059ECA /* WanderHubID.swift */,
			);
			path = SignIn;
			sourceTree = "<group>";
		};
		F73A46B92BAFE08200059ECA /* UtilityViews */ = {
			isa = PBXGroup;
			children = (
				F73A46B62BAFE08200059ECA /* ChildNavController.swift */,
				F73A46B72BAFE08200059ECA /* ContentViewController.swift */,
				F73A46B82BAFE08200059ECA /* MainNavController.swift */,
			);
			path = UtilityViews;
			sourceTree = "<group>";
		};
		F73A46BF2BAFE08200059ECA /* wanderhub */ = {
			isa = PBXGroup;
			children = (
				F73A46A22BAFE08200059ECA /* CommonObj */,
				F73A46A62BAFE08200059ECA /* IdentifyLandmark */,
				F73A46AB2BAFE08200059ECA /* Itinerary */,
				F73A46AE2BAFE08200059ECA /* Map */,
				F73A46B02BAFE08200059ECA /* Preview Content */,
				F73A46B52BAFE08200059ECA /* SignIn */,
				F73A46B92BAFE08200059ECA /* UtilityViews */,
				F73A46BA2BAFE08200059ECA /* Assets.xcassets */,
				F73A46BB2BAFE08200059ECA /* HomeView.swift */,
				F73A46BC2BAFE08200059ECA /* Info.plist */,
				F73A46BD2BAFE08200059ECA /* StartupPage.swift */,
				F73A46BE2BAFE08200059ECA /* wanderhubApp.swift */,
			);
			path = wanderhub;
			sourceTree = "<group>";
		};
		F7EAB90A2BA0B7F800F2B335 = {
			isa = PBXGroup;
			children = (
				F73A46BF2BAFE08200059ECA /* wanderhub */,
				F7EAB9142BA0B7F800F2B335 /* Products */,
			);
			sourceTree = "<group>";
		};
		F7EAB9142BA0B7F800F2B335 /* Products */ = {
			isa = PBXGroup;
			children = (
				F7EAB9132BA0B7F800F2B335 /* wanderhub.app */,
			);
			name = Products;
			sourceTree = "<group>";
		};
/* End PBXGroup section */

/* Begin PBXNativeTarget section */
		F7EAB9122BA0B7F800F2B335 /* wanderhub */ = {
			isa = PBXNativeTarget;
			buildConfigurationList = F7EAB9212BA0B7FB00F2B335 /* Build configuration list for PBXNativeTarget "wanderhub" */;
			buildPhases = (
				F7EAB90F2BA0B7F800F2B335 /* Sources */,
				F7EAB9102BA0B7F800F2B335 /* Frameworks */,
				F7EAB9112BA0B7F800F2B335 /* Resources */,
			);
			buildRules = (
			);
			dependencies = (
			);
			name = wanderhub;
			productName = wanderhub;
			productReference = F7EAB9132BA0B7F800F2B335 /* wanderhub.app */;
			productType = "com.apple.product-type.application";
		};
/* End PBXNativeTarget section */

/* Begin PBXProject section */
		F7EAB90B2BA0B7F800F2B335 /* Project object */ = {
			isa = PBXProject;
			attributes = {
				BuildIndependentTargetsInParallel = 1;
				LastSwiftUpdateCheck = 1530;
				LastUpgradeCheck = 1530;
				TargetAttributes = {
					F7EAB9122BA0B7F800F2B335 = {
						CreatedOnToolsVersion = 15.3;
					};
				};
			};
			buildConfigurationList = F7EAB90E2BA0B7F800F2B335 /* Build configuration list for PBXProject "wanderhub" */;
			compatibilityVersion = "Xcode 14.0";
			developmentRegion = en;
			hasScannedForEncodings = 0;
			knownRegions = (
				en,
				Base,
			);
			mainGroup = F7EAB90A2BA0B7F800F2B335;
			productRefGroup = F7EAB9142BA0B7F800F2B335 /* Products */;
			projectDirPath = "";
			projectRoot = "";
			targets = (
				F7EAB9122BA0B7F800F2B335 /* wanderhub */,
			);
		};
/* End PBXProject section */

/* Begin PBXResourcesBuildPhase section */
		F7EAB9112BA0B7F800F2B335 /* Resources */ = {
			isa = PBXResourcesBuildPhase;
			buildActionMask = 2147483647;
			files = (
				F73A46D62BAFE08200059ECA /* Assets.xcassets in Resources */,
				F73A46CE2BAFE08200059ECA /* Preview Assets.xcassets in Resources */,
				F73A46D82BAFE08200059ECA /* Info.plist in Resources */,
			);
			runOnlyForDeploymentPostprocessing = 0;
		};
/* End PBXResourcesBuildPhase section */

/* Begin PBXSourcesBuildPhase section */
		F7EAB90F2BA0B7F800F2B335 /* Sources */ = {
			isa = PBXSourcesBuildPhase;
			buildActionMask = 2147483647;
			files = (
				F73A46D42BAFE08200059ECA /* ContentViewController.swift in Sources */,
				F73A46C12BAFE08200059ECA /* Globals.swift in Sources */,
				F73A46C02BAFE08200059ECA /* GeoData.swift in Sources */,
				F73A46C22BAFE08200059ECA /* ImageData.swift in Sources */,
				F73A46CA2BAFE08200059ECA /* MainTripView.swift in Sources */,
				F73A46D72BAFE08200059ECA /* HomeView.swift in Sources */,
				F73A46C82BAFE08200059ECA /* BookingView.swift in Sources */,
				F73A46C52BAFE08200059ECA /* CameraView.swift in Sources */,
				F73A46D92BAFE08200059ECA /* StartupPage.swift in Sources */,
				F73A46C42BAFE08200059ECA /* LandmarkStore.swift in Sources */,
				F73A46D12BAFE08200059ECA /* User.swift in Sources */,
				F73A46CF2BAFE08200059ECA /* SignIn.swift in Sources */,
				F73A46D52BAFE08200059ECA /* MainNavController.swift in Sources */,
				F73A46D22BAFE08200059ECA /* WanderHubID.swift in Sources */,
				F73A46CD2BAFE08200059ECA /* MapView.swift in Sources */,
				F73A46C62BAFE08200059ECA /* ImageStore.swift in Sources */,
				F73A46C72BAFE08200059ECA /* Media.swift in Sources */,
				F73A46C92BAFE08200059ECA /* ItineraryView.swift in Sources */,
				F73A46D32BAFE08200059ECA /* ChildNavController.swift in Sources */,
				F73A46C32BAFE08200059ECA /* Landmark.swift in Sources */,
				F73A46D02BAFE08200059ECA /* SignUp.swift in Sources */,
				F73A46CC2BAFE08200059ECA /* LocManager.swift in Sources */,
				F73A46DA2BAFE08200059ECA /* wanderhubApp.swift in Sources */,
				F73A46CB2BAFE08200059ECA /* SubmitBooking.swift in Sources */,
			);
			runOnlyForDeploymentPostprocessing = 0;
		};
/* End PBXSourcesBuildPhase section */

/* Begin XCBuildConfiguration section */
		F7EAB91F2BA0B7FB00F2B335 /* Debug */ = {
			isa = XCBuildConfiguration;
			buildSettings = {
				ALWAYS_SEARCH_USER_PATHS = NO;
				ASSETCATALOG_COMPILER_GENERATE_SWIFT_ASSET_SYMBOL_EXTENSIONS = YES;
				CLANG_ANALYZER_NONNULL = YES;
				CLANG_ANALYZER_NUMBER_OBJECT_CONVERSION = YES_AGGRESSIVE;
				CLANG_CXX_LANGUAGE_STANDARD = "gnu++20";
				CLANG_ENABLE_MODULES = YES;
				CLANG_ENABLE_OBJC_ARC = YES;
				CLANG_ENABLE_OBJC_WEAK = YES;
				CLANG_WARN_BLOCK_CAPTURE_AUTORELEASING = YES;
				CLANG_WARN_BOOL_CONVERSION = YES;
				CLANG_WARN_COMMA = YES;
				CLANG_WARN_CONSTANT_CONVERSION = YES;
				CLANG_WARN_DEPRECATED_OBJC_IMPLEMENTATIONS = YES;
				CLANG_WARN_DIRECT_OBJC_ISA_USAGE = YES_ERROR;
				CLANG_WARN_DOCUMENTATION_COMMENTS = YES;
				CLANG_WARN_EMPTY_BODY = YES;
				CLANG_WARN_ENUM_CONVERSION = YES;
				CLANG_WARN_INFINITE_RECURSION = YES;
				CLANG_WARN_INT_CONVERSION = YES;
				CLANG_WARN_NON_LITERAL_NULL_CONVERSION = YES;
				CLANG_WARN_OBJC_IMPLICIT_RETAIN_SELF = YES;
				CLANG_WARN_OBJC_LITERAL_CONVERSION = YES;
				CLANG_WARN_OBJC_ROOT_CLASS = YES_ERROR;
				CLANG_WARN_QUOTED_INCLUDE_IN_FRAMEWORK_HEADER = YES;
				CLANG_WARN_RANGE_LOOP_ANALYSIS = YES;
				CLANG_WARN_STRICT_PROTOTYPES = YES;
				CLANG_WARN_SUSPICIOUS_MOVE = YES;
				CLANG_WARN_UNGUARDED_AVAILABILITY = YES_AGGRESSIVE;
				CLANG_WARN_UNREACHABLE_CODE = YES;
				CLANG_WARN__DUPLICATE_METHOD_MATCH = YES;
				COPY_PHASE_STRIP = NO;
				DEBUG_INFORMATION_FORMAT = dwarf;
				ENABLE_STRICT_OBJC_MSGSEND = YES;
				ENABLE_TESTABILITY = YES;
				ENABLE_USER_SCRIPT_SANDBOXING = YES;
				GCC_C_LANGUAGE_STANDARD = gnu17;
				GCC_DYNAMIC_NO_PIC = NO;
				GCC_NO_COMMON_BLOCKS = YES;
				GCC_OPTIMIZATION_LEVEL = 0;
				GCC_PREPROCESSOR_DEFINITIONS = (
					"DEBUG=1",
					"$(inherited)",
				);
				GCC_WARN_64_TO_32_BIT_CONVERSION = YES;
				GCC_WARN_ABOUT_RETURN_TYPE = YES_ERROR;
				GCC_WARN_UNDECLARED_SELECTOR = YES;
				GCC_WARN_UNINITIALIZED_AUTOS = YES_AGGRESSIVE;
				GCC_WARN_UNUSED_FUNCTION = YES;
				GCC_WARN_UNUSED_VARIABLE = YES;
				IPHONEOS_DEPLOYMENT_TARGET = 17.4;
				LOCALIZATION_PREFERS_STRING_CATALOGS = YES;
				MTL_ENABLE_DEBUG_INFO = INCLUDE_SOURCE;
				MTL_FAST_MATH = YES;
				ONLY_ACTIVE_ARCH = YES;
				SDKROOT = iphoneos;
				SWIFT_ACTIVE_COMPILATION_CONDITIONS = "DEBUG $(inherited)";
				SWIFT_OPTIMIZATION_LEVEL = "-Onone";
			};
			name = Debug;
		};
		F7EAB9202BA0B7FB00F2B335 /* Release */ = {
			isa = XCBuildConfiguration;
			buildSettings = {
				ALWAYS_SEARCH_USER_PATHS = NO;
				ASSETCATALOG_COMPILER_GENERATE_SWIFT_ASSET_SYMBOL_EXTENSIONS = YES;
				CLANG_ANALYZER_NONNULL = YES;
				CLANG_ANALYZER_NUMBER_OBJECT_CONVERSION = YES_AGGRESSIVE;
				CLANG_CXX_LANGUAGE_STANDARD = "gnu++20";
				CLANG_ENABLE_MODULES = YES;
				CLANG_ENABLE_OBJC_ARC = YES;
				CLANG_ENABLE_OBJC_WEAK = YES;
				CLANG_WARN_BLOCK_CAPTURE_AUTORELEASING = YES;
				CLANG_WARN_BOOL_CONVERSION = YES;
				CLANG_WARN_COMMA = YES;
				CLANG_WARN_CONSTANT_CONVERSION = YES;
				CLANG_WARN_DEPRECATED_OBJC_IMPLEMENTATIONS = YES;
				CLANG_WARN_DIRECT_OBJC_ISA_USAGE = YES_ERROR;
				CLANG_WARN_DOCUMENTATION_COMMENTS = YES;
				CLANG_WARN_EMPTY_BODY = YES;
				CLANG_WARN_ENUM_CONVERSION = YES;
				CLANG_WARN_INFINITE_RECURSION = YES;
				CLANG_WARN_INT_CONVERSION = YES;
				CLANG_WARN_NON_LITERAL_NULL_CONVERSION = YES;
				CLANG_WARN_OBJC_IMPLICIT_RETAIN_SELF = YES;
				CLANG_WARN_OBJC_LITERAL_CONVERSION = YES;
				CLANG_WARN_OBJC_ROOT_CLASS = YES_ERROR;
				CLANG_WARN_QUOTED_INCLUDE_IN_FRAMEWORK_HEADER = YES;
				CLANG_WARN_RANGE_LOOP_ANALYSIS = YES;
				CLANG_WARN_STRICT_PROTOTYPES = YES;
				CLANG_WARN_SUSPICIOUS_MOVE = YES;
				CLANG_WARN_UNGUARDED_AVAILABILITY = YES_AGGRESSIVE;
				CLANG_WARN_UNREACHABLE_CODE = YES;
				CLANG_WARN__DUPLICATE_METHOD_MATCH = YES;
				COPY_PHASE_STRIP = NO;
				DEBUG_INFORMATION_FORMAT = "dwarf-with-dsym";
				ENABLE_NS_ASSERTIONS = NO;
				ENABLE_STRICT_OBJC_MSGSEND = YES;
				ENABLE_USER_SCRIPT_SANDBOXING = YES;
				GCC_C_LANGUAGE_STANDARD = gnu17;
				GCC_NO_COMMON_BLOCKS = YES;
				GCC_WARN_64_TO_32_BIT_CONVERSION = YES;
				GCC_WARN_ABOUT_RETURN_TYPE = YES_ERROR;
				GCC_WARN_UNDECLARED_SELECTOR = YES;
				GCC_WARN_UNINITIALIZED_AUTOS = YES_AGGRESSIVE;
				GCC_WARN_UNUSED_FUNCTION = YES;
				GCC_WARN_UNUSED_VARIABLE = YES;
				IPHONEOS_DEPLOYMENT_TARGET = 17.4;
				LOCALIZATION_PREFERS_STRING_CATALOGS = YES;
				MTL_ENABLE_DEBUG_INFO = NO;
				MTL_FAST_MATH = YES;
				SDKROOT = iphoneos;
				SWIFT_COMPILATION_MODE = wholemodule;
				VALIDATE_PRODUCT = YES;
			};
			name = Release;
		};
		F7EAB9222BA0B7FB00F2B335 /* Debug */ = {
			isa = XCBuildConfiguration;
			buildSettings = {
				ASSETCATALOG_COMPILER_APPICON_NAME = AppIcon;
				ASSETCATALOG_COMPILER_GLOBAL_ACCENT_COLOR_NAME = AccentColor;
				CODE_SIGN_STYLE = Automatic;
				CURRENT_PROJECT_VERSION = 1;
				DEVELOPMENT_ASSET_PATHS = "\"wanderhub/Preview Content\"";
				DEVELOPMENT_TEAM = 7CP2PKVSMZ;
				ENABLE_PREVIEWS = YES;
				GENERATE_INFOPLIST_FILE = YES;
				INFOPLIST_KEY_UIApplicationSceneManifest_Generation = YES;
				INFOPLIST_KEY_UIApplicationSupportsIndirectInputEvents = YES;
				INFOPLIST_KEY_UILaunchScreen_Generation = YES;
				INFOPLIST_KEY_UISupportedInterfaceOrientations_iPad = "UIInterfaceOrientationPortrait UIInterfaceOrientationPortraitUpsideDown UIInterfaceOrientationLandscapeLeft UIInterfaceOrientationLandscapeRight";
				INFOPLIST_KEY_UISupportedInterfaceOrientations_iPhone = "UIInterfaceOrientationPortrait UIInterfaceOrientationLandscapeLeft UIInterfaceOrientationLandscapeRight";
				LD_RUNPATH_SEARCH_PATHS = (
					"$(inherited)",
					"@executable_path/Frameworks",
				);
				MARKETING_VERSION = 1.0;
				PRODUCT_BUNDLE_IDENTIFIER = com.zenginhasanberk.wanderhub;
				PRODUCT_NAME = "$(TARGET_NAME)";
				SWIFT_EMIT_LOC_STRINGS = YES;
				SWIFT_VERSION = 5.0;
				TARGETED_DEVICE_FAMILY = "1,2";
			};
			name = Debug;
		};
		F7EAB9232BA0B7FB00F2B335 /* Release */ = {
			isa = XCBuildConfiguration;
			buildSettings = {
				ASSETCATALOG_COMPILER_APPICON_NAME = AppIcon;
				ASSETCATALOG_COMPILER_GLOBAL_ACCENT_COLOR_NAME = AccentColor;
				CODE_SIGN_STYLE = Automatic;
				CURRENT_PROJECT_VERSION = 1;
				DEVELOPMENT_ASSET_PATHS = "\"wanderhub/Preview Content\"";
				DEVELOPMENT_TEAM = 7CP2PKVSMZ;
				ENABLE_PREVIEWS = YES;
				GENERATE_INFOPLIST_FILE = YES;
				INFOPLIST_KEY_UIApplicationSceneManifest_Generation = YES;
				INFOPLIST_KEY_UIApplicationSupportsIndirectInputEvents = YES;
				INFOPLIST_KEY_UILaunchScreen_Generation = YES;
				INFOPLIST_KEY_UISupportedInterfaceOrientations_iPad = "UIInterfaceOrientationPortrait UIInterfaceOrientationPortraitUpsideDown UIInterfaceOrientationLandscapeLeft UIInterfaceOrientationLandscapeRight";
				INFOPLIST_KEY_UISupportedInterfaceOrientations_iPhone = "UIInterfaceOrientationPortrait UIInterfaceOrientationLandscapeLeft UIInterfaceOrientationLandscapeRight";
				LD_RUNPATH_SEARCH_PATHS = (
					"$(inherited)",
					"@executable_path/Frameworks",
				);
				MARKETING_VERSION = 1.0;
				PRODUCT_BUNDLE_IDENTIFIER = com.zenginhasanberk.wanderhub;
				PRODUCT_NAME = "$(TARGET_NAME)";
				SWIFT_EMIT_LOC_STRINGS = YES;
				SWIFT_VERSION = 5.0;
				TARGETED_DEVICE_FAMILY = "1,2";
			};
			name = Release;
		};
/* End XCBuildConfiguration section */

/* Begin XCConfigurationList section */
		F7EAB90E2BA0B7F800F2B335 /* Build configuration list for PBXProject "wanderhub" */ = {
			isa = XCConfigurationList;
			buildConfigurations = (
				F7EAB91F2BA0B7FB00F2B335 /* Debug */,
				F7EAB9202BA0B7FB00F2B335 /* Release */,
			);
			defaultConfigurationIsVisible = 0;
			defaultConfigurationName = Release;
		};
		F7EAB9212BA0B7FB00F2B335 /* Build configuration list for PBXNativeTarget "wanderhub" */ = {
			isa = XCConfigurationList;
			buildConfigurations = (
				F7EAB9222BA0B7FB00F2B335 /* Debug */,
				F7EAB9232BA0B7FB00F2B335 /* Release */,
			);
			defaultConfigurationIsVisible = 0;
			defaultConfigurationName = Release;
		};
/* End XCConfigurationList section */
	};
	rootObject = F7EAB90B2BA0B7F800F2B335 /* Project object */;
}
